{
  "version": 4,
  "terraform_version": "1.5.7",
  "serial": 39,
  "lineage": "fd705c6d-fd27-b41e-0fb1-988da0dff840",
  "outputs": {
    "crn": {
      "value": "r006-bd563757-274a-4ace-bdcd-12ce183fdcfc",
      "type": "string"
    },
    "vpc": {
      "value": {
        "acl_ids": {
          "private": "r006-9da410df-c7d0-4d6e-b7e2-ea97fe4b611c"
        },
        "flow_logs_collector_crn": null,
        "flow_logs_collector_id": null,
        "flow_logs_collector_name": null,
        "flow_logs_collector_state": null,
        "flow_logs_collector_url": null,
        "subnets": {
          "edge": [
            {
              "cidr_block": "192.168.32.0/22",
              "id": "0717-e68007c5-c1dd-4da8-bcdd-7abbb8aa3b75",
              "zone": "us-south-1"
            },
            {
              "cidr_block": "192.168.36.0/22",
              "id": "0727-cc44e9bd-bdb4-41e4-a956-27d6ce3436be",
              "zone": "us-south-2"
            },
            {
              "cidr_block": "192.168.40.0/22",
              "id": "0737-83d79e74-3bc1-4c97-9f97-ad8a14ae0b00",
              "zone": "us-south-3"
            }
          ],
          "nlb": [
            {
              "cidr_block": "192.168.48.0/22",
              "id": "0717-e4a1ef70-7d8a-43f8-bba5-30700935799f",
              "zone": "us-south-1"
            },
            {
              "cidr_block": "192.168.52.0/22",
              "id": "0727-e8078b6f-2763-4faf-ac16-f9846b6b23c4",
              "zone": "us-south-2"
            },
            {
              "cidr_block": "192.168.56.0/22",
              "id": "0737-18dea387-49fd-4ec5-85c7-08d97c92b239",
              "zone": "us-south-3"
            }
          ],
          "private": [
            {
              "cidr_block": "192.168.0.0/22",
              "id": "0717-503c439b-2b40-43c6-bd16-b2d99b391248",
              "zone": "us-south-1"
            },
            {
              "cidr_block": "192.168.4.0/22",
              "id": "0727-39c2c181-a549-46bc-9b2d-7cb806c508c6",
              "zone": "us-south-2"
            },
            {
              "cidr_block": "192.168.8.0/22",
              "id": "0737-4406f70a-f6e1-4524-97c2-d1b4fdc35fe7",
              "zone": "us-south-3"
            }
          ],
          "transit": [
            {
              "cidr_block": "192.168.16.0/22",
              "id": "0717-da529daa-d859-4cae-9a9c-af172e7ac2ee",
              "zone": "us-south-1"
            },
            {
              "cidr_block": "192.168.20.0/22",
              "id": "0727-5eea8042-2c77-437c-a124-028e80bc66a4",
              "zone": "us-south-2"
            },
            {
              "cidr_block": "192.168.24.0/22",
              "id": "0737-6d94fd10-bdc2-4158-aa8a-fe91f365de1b",
              "zone": "us-south-3"
            }
          ]
        },
        "vpc_crn": "crn:v1:bluemix:public:is:us-south:a/e65910fa61ce9072d64902d03f3d4774::vpc:r006-bd563757-274a-4ace-bdcd-12ce183fdcfc",
        "vpc_cse_source_address_ips": [
          "10.12.125.212",
          "10.249.207.140",
          "10.22.36.212"
        ],
        "vpc_id": "r006-bd563757-274a-4ace-bdcd-12ce183fdcfc"
      },
      "type": [
        "object",
        {
          "acl_ids": [
            "object",
            {
              "private": "string"
            }
          ],
          "flow_logs_collector_crn": "dynamic",
          "flow_logs_collector_id": "dynamic",
          "flow_logs_collector_name": "dynamic",
          "flow_logs_collector_state": "dynamic",
          "flow_logs_collector_url": "dynamic",
          "subnets": [
            "object",
            {
              "edge": [
                "tuple",
                [
                  [
                    "object",
                    {
                      "cidr_block": "string",
                      "id": "string",
                      "zone": "string"
                    }
                  ],
                  [
                    "object",
                    {
                      "cidr_block": "string",
                      "id": "string",
                      "zone": "string"
                    }
                  ],
                  [
                    "object",
                    {
                      "cidr_block": "string",
                      "id": "string",
                      "zone": "string"
                    }
                  ]
                ]
              ],
              "nlb": [
                "tuple",
                [
                  [
                    "object",
                    {
                      "cidr_block": "string",
                      "id": "string",
                      "zone": "string"
                    }
                  ],
                  [
                    "object",
                    {
                      "cidr_block": "string",
                      "id": "string",
                      "zone": "string"
                    }
                  ],
                  [
                    "object",
                    {
                      "cidr_block": "string",
                      "id": "string",
                      "zone": "string"
                    }
                  ]
                ]
              ],
              "private": [
                "tuple",
                [
                  [
                    "object",
                    {
                      "cidr_block": "string",
                      "id": "string",
                      "zone": "string"
                    }
                  ],
                  [
                    "object",
                    {
                      "cidr_block": "string",
                      "id": "string",
                      "zone": "string"
                    }
                  ],
                  [
                    "object",
                    {
                      "cidr_block": "string",
                      "id": "string",
                      "zone": "string"
                    }
                  ]
                ]
              ],
              "transit": [
                "tuple",
                [
                  [
                    "object",
                    {
                      "cidr_block": "string",
                      "id": "string",
                      "zone": "string"
                    }
                  ],
                  [
                    "object",
                    {
                      "cidr_block": "string",
                      "id": "string",
                      "zone": "string"
                    }
                  ],
                  [
                    "object",
                    {
                      "cidr_block": "string",
                      "id": "string",
                      "zone": "string"
                    }
                  ]
                ]
              ]
            }
          ],
          "vpc_crn": "string",
          "vpc_cse_source_address_ips": [
            "tuple",
            [
              "string",
              "string",
              "string"
            ]
          ],
          "vpc_id": "string"
        }
      ]
    }
  },
  "resources": [
    {
      "module": "module.resource_group",
      "mode": "managed",
      "type": "ibm_resource_group",
      "name": "resource_group",
      "provider": "provider[\"registry.terraform.io/ibm-cloud/ibm\"]",
      "instances": [
        {
          "index_key": 0,
          "schema_version": 0,
          "attributes": {
            "created_at": "2023-12-27T11:47:00.528Z",
            "crn": "crn:v1:bluemix:public:resource-controller::a/e65910fa61ce9072d64902d03f3d4774::resource-group:1d6f7c2015944d3993b3fb2609ff57d0",
            "default": false,
            "id": "1d6f7c2015944d3993b3fb2609ff57d0",
            "name": "example-vpc-resource-group",
            "payment_methods_url": null,
            "quota_id": "a3d7b8d01e261c24677937c29ab33f3c",
            "quota_url": "/v2/quota_definitions/a3d7b8d01e261c24677937c29ab33f3c",
            "resource_linkages": [],
            "state": "ACTIVE",
            "tags": null,
            "teams_url": null,
            "updated_at": "2023-12-27T11:47:00.528Z"
          },
          "sensitive_attributes": [],
          "private": "bnVsbA=="
        }
      ]
    },
    {
      "module": "module.vpc",
      "mode": "data",
      "type": "ibm_is_region",
      "name": "provider_region",
      "provider": "provider[\"registry.terraform.io/ibm-cloud/ibm\"]",
      "instances": [
        {
          "schema_version": 0,
          "attributes": {
            "endpoint": "https://us-south.iaas.cloud.ibm.com",
            "id": "us-south",
            "name": "us-south",
            "status": "available"
          },
          "sensitive_attributes": []
        }
      ]
    },
    {
      "module": "module.vpc",
      "mode": "managed",
      "type": "ibm_is_network_acl",
      "name": "multizone_acl",
      "provider": "provider[\"registry.terraform.io/ibm-cloud/ibm\"]",
      "instances": [
        {
          "index_key": "private",
          "schema_version": 0,
          "attributes": {
            "access_tags": [],
            "crn": "crn:v1:bluemix:public:is:us-south:a/e65910fa61ce9072d64902d03f3d4774::network-acl:r006-9da410df-c7d0-4d6e-b7e2-ea97fe4b611c",
            "id": "r006-9da410df-c7d0-4d6e-b7e2-ea97fe4b611c",
            "name": "example-vpc-private-2-others-acl",
            "resource_controller_url": "https://cloud.ibm.com/vpc-ext/network/acl",
            "resource_crn": null,
            "resource_group": "1d6f7c2015944d3993b3fb2609ff57d0",
            "resource_group_name": "example-vpc-resource-group",
            "resource_name": "example-vpc-private-2-others-acl",
            "rules": [
              {
                "action": "allow",
                "destination": "0.0.0.0/0",
                "direction": "inbound",
                "icmp": [],
                "id": "88de76d9-2088-42e9-aacf-3050d537af0f",
                "ip_version": "ipv4",
                "name": "allow-traffic-subnet-edge-inbound",
                "source": "192.168.32.0/20",
                "subnets": 3,
                "tcp": [],
                "udp": []
              },
              {
                "action": "allow",
                "destination": "0.0.0.0/0",
                "direction": "inbound",
                "icmp": [],
                "id": "3be2d46b-8feb-4941-ac35-28f8c8ff7c2d",
                "ip_version": "ipv4",
                "name": "allow-traffic-subnet-nlb-inbound",
                "source": "192.168.48.0/20",
                "subnets": 3,
                "tcp": [],
                "udp": []
              },
              {
                "action": "allow",
                "destination": "0.0.0.0/0",
                "direction": "inbound",
                "icmp": [],
                "id": "af60645e-2df9-46d1-8c39-3f25defd5f56",
                "ip_version": "ipv4",
                "name": "allow-traffic-subnet-private-inbound",
                "source": "192.168.0.0/20",
                "subnets": 3,
                "tcp": [],
                "udp": []
              },
              {
                "action": "allow",
                "destination": "0.0.0.0/0",
                "direction": "inbound",
                "icmp": [],
                "id": "0a00a7a8-98bc-496a-b291-d10c59a1776c",
                "ip_version": "ipv4",
                "name": "allow-traffic-subnet-transit-inbound",
                "source": "192.168.16.0/20",
                "subnets": 3,
                "tcp": [],
                "udp": []
              },
              {
                "action": "allow",
                "destination": "192.168.32.0/20",
                "direction": "outbound",
                "icmp": [],
                "id": "b121e996-cdad-4d9d-9deb-f0f9295d2c29",
                "ip_version": "ipv4",
                "name": "allow-traffic-subnet-edge-outbound",
                "source": "0.0.0.0/0",
                "subnets": 3,
                "tcp": [],
                "udp": []
              },
              {
                "action": "allow",
                "destination": "192.168.48.0/20",
                "direction": "outbound",
                "icmp": [],
                "id": "b3850f12-c09b-4cae-9016-3d23403493d7",
                "ip_version": "ipv4",
                "name": "allow-traffic-subnet-nlb-outbound",
                "source": "0.0.0.0/0",
                "subnets": 3,
                "tcp": [],
                "udp": []
              },
              {
                "action": "allow",
                "destination": "192.168.0.0/20",
                "direction": "outbound",
                "icmp": [],
                "id": "0b0515af-ada5-4360-9edc-1d63dbc76380",
                "ip_version": "ipv4",
                "name": "allow-traffic-subnet-private-outbound",
                "source": "0.0.0.0/0",
                "subnets": 3,
                "tcp": [],
                "udp": []
              },
              {
                "action": "allow",
                "destination": "192.168.16.0/20",
                "direction": "outbound",
                "icmp": [],
                "id": "c786d3f1-b0a1-4bcf-8fea-94781bdd7535",
                "ip_version": "ipv4",
                "name": "allow-traffic-subnet-transit-outbound",
                "source": "0.0.0.0/0",
                "subnets": 3,
                "tcp": [],
                "udp": []
              },
              {
                "action": "allow",
                "destination": "0.0.0.0/0",
                "direction": "inbound",
                "icmp": [],
                "id": "004daccf-97a8-4996-9228-2930ab806cec",
                "ip_version": "ipv4",
                "name": "iks-create-worker-nodes-inbound",
                "source": "161.26.0.0/16",
                "subnets": 3,
                "tcp": [],
                "udp": []
              },
              {
                "action": "allow",
                "destination": "0.0.0.0/0",
                "direction": "inbound",
                "icmp": [],
                "id": "17c050ee-1343-4d5b-a649-d13408159f59",
                "ip_version": "ipv4",
                "name": "iks-nodes-to-master-inbound",
                "source": "166.8.0.0/14",
                "subnets": 3,
                "tcp": [],
                "udp": []
              },
              {
                "action": "allow",
                "destination": "161.26.0.0/16",
                "direction": "outbound",
                "icmp": [],
                "id": "f48337ad-be62-4fff-93aa-d68293a9fbfc",
                "ip_version": "ipv4",
                "name": "iks-create-worker-nodes-outbound",
                "source": "0.0.0.0/0",
                "subnets": 3,
                "tcp": [],
                "udp": []
              },
              {
                "action": "allow",
                "destination": "166.8.0.0/14",
                "direction": "outbound",
                "icmp": [],
                "id": "c5ae6966-1093-418f-b66e-80b5ed236a57",
                "ip_version": "ipv4",
                "name": "iks-worker-to-master-outbound",
                "source": "0.0.0.0/0",
                "subnets": 3,
                "tcp": [],
                "udp": []
              },
              {
                "action": "allow",
                "destination": "0.0.0.0/0",
                "direction": "inbound",
                "icmp": [],
                "id": "73538f7c-f710-4c2d-a6b4-7bf05785035e",
                "ip_version": "ipv4",
                "name": "allow-all-https-inbound",
                "source": "0.0.0.0/0",
                "subnets": 3,
                "tcp": [
                  {
                    "port_max": 65535,
                    "port_min": 1,
                    "source_port_max": 443,
                    "source_port_min": 443
                  }
                ],
                "udp": []
              },
              {
                "action": "allow",
                "destination": "0.0.0.0/0",
                "direction": "outbound",
                "icmp": [],
                "id": "8ec50772-a600-426c-83f4-093cc316681f",
                "ip_version": "ipv4",
                "name": "allow-all-https-outbound",
                "source": "0.0.0.0/0",
                "subnets": 3,
                "tcp": [
                  {
                    "port_max": 443,
                    "port_min": 443,
                    "source_port_max": 65535,
                    "source_port_min": 1
                  }
                ],
                "udp": []
              },
              {
                "action": "deny",
                "destination": "0.0.0.0/0",
                "direction": "outbound",
                "icmp": [],
                "id": "727bebba-c869-4755-a32f-d6984838558f",
                "ip_version": "ipv4",
                "name": "deny-all-outbound",
                "source": "0.0.0.0/0",
                "subnets": 3,
                "tcp": [],
                "udp": []
              },
              {
                "action": "deny",
                "destination": "0.0.0.0/0",
                "direction": "inbound",
                "icmp": [],
                "id": "66b46ffd-80e4-44a6-84b1-05c9b0c8f731",
                "ip_version": "ipv4",
                "name": "deny-all-inbound",
                "source": "0.0.0.0/0",
                "subnets": 3,
                "tcp": [],
                "udp": []
              }
            ],
            "tags": [],
            "timeouts": null,
            "vpc": "r006-bd563757-274a-4ace-bdcd-12ce183fdcfc"
          },
          "sensitive_attributes": [],
          "private": "eyJlMmJmYjczMC1lY2FhLTExZTYtOGY4OC0zNDM2M2JjN2M0YzAiOnsiY3JlYXRlIjo2MDAwMDAwMDAwMDAsImRlbGV0ZSI6NjAwMDAwMDAwMDAwfX0=",
          "dependencies": [
            "module.resource_group.data.ibm_resource_group.existing_resource_group",
            "module.resource_group.ibm_resource_group.resource_group",
            "module.vpc.ibm_is_vpc.vpc",
            "module.vpc.null_resource.subnet_mappings"
          ]
        }
      ]
    },
    {
      "module": "module.vpc",
      "mode": "managed",
      "type": "ibm_is_public_gateway",
      "name": "gateway",
      "provider": "provider[\"registry.terraform.io/ibm-cloud/ibm\"]",
      "instances": [
        {
          "index_key": 0,
          "schema_version": 0,
          "attributes": {
            "access_tags": [],
            "crn": "crn:v1:bluemix:public:is:us-south-1:a/e65910fa61ce9072d64902d03f3d4774::public-gateway:r006-398b86ac-8645-4102-bb21-88a95e798bf8",
            "floating_ip": {
              "address": "169.48.152.12",
              "id": "r006-d4234075-ea53-4930-a64a-28b2d8edcd25"
            },
            "id": "r006-398b86ac-8645-4102-bb21-88a95e798bf8",
            "name": "example-vpc-gateway-1",
            "resource_controller_url": "https://cloud.ibm.com/vpc-ext/network/publicGateways",
            "resource_crn": "crn:v1:bluemix:public:is:us-south-1:a/e65910fa61ce9072d64902d03f3d4774::public-gateway:r006-398b86ac-8645-4102-bb21-88a95e798bf8",
            "resource_group": "1d6f7c2015944d3993b3fb2609ff57d0",
            "resource_group_name": "example-vpc-resource-group",
            "resource_name": "example-vpc-gateway-1",
            "resource_status": "available",
            "status": "available",
            "tags": [],
            "timeouts": null,
            "vpc": "r006-bd563757-274a-4ace-bdcd-12ce183fdcfc",
            "zone": "us-south-1"
          },
          "sensitive_attributes": [],
          "private": "eyJlMmJmYjczMC1lY2FhLTExZTYtOGY4OC0zNDM2M2JjN2M0YzAiOnsiY3JlYXRlIjo2MDAwMDAwMDAwMDAsImRlbGV0ZSI6NjAwMDAwMDAwMDAwfX0=",
          "dependencies": [
            "module.resource_group.data.ibm_resource_group.existing_resource_group",
            "module.resource_group.ibm_resource_group.resource_group",
            "module.vpc.ibm_is_vpc.vpc"
          ]
        },
        {
          "index_key": 1,
          "schema_version": 0,
          "attributes": {
            "access_tags": [],
            "crn": "crn:v1:bluemix:public:is:us-south-2:a/e65910fa61ce9072d64902d03f3d4774::public-gateway:r006-d6ea27c5-32dd-4a7a-af4e-2d0e8fb191af",
            "floating_ip": {
              "address": "169.47.94.180",
              "id": "r006-e3709ca3-7fc8-4960-be67-6820be2a0d07"
            },
            "id": "r006-d6ea27c5-32dd-4a7a-af4e-2d0e8fb191af",
            "name": "example-vpc-gateway-2",
            "resource_controller_url": "https://cloud.ibm.com/vpc-ext/network/publicGateways",
            "resource_crn": "crn:v1:bluemix:public:is:us-south-2:a/e65910fa61ce9072d64902d03f3d4774::public-gateway:r006-d6ea27c5-32dd-4a7a-af4e-2d0e8fb191af",
            "resource_group": "1d6f7c2015944d3993b3fb2609ff57d0",
            "resource_group_name": "example-vpc-resource-group",
            "resource_name": "example-vpc-gateway-2",
            "resource_status": "available",
            "status": "available",
            "tags": [],
            "timeouts": null,
            "vpc": "r006-bd563757-274a-4ace-bdcd-12ce183fdcfc",
            "zone": "us-south-2"
          },
          "sensitive_attributes": [],
          "private": "eyJlMmJmYjczMC1lY2FhLTExZTYtOGY4OC0zNDM2M2JjN2M0YzAiOnsiY3JlYXRlIjo2MDAwMDAwMDAwMDAsImRlbGV0ZSI6NjAwMDAwMDAwMDAwfX0=",
          "dependencies": [
            "module.resource_group.data.ibm_resource_group.existing_resource_group",
            "module.resource_group.ibm_resource_group.resource_group",
            "module.vpc.ibm_is_vpc.vpc"
          ]
        },
        {
          "index_key": 2,
          "schema_version": 0,
          "attributes": {
            "access_tags": [],
            "crn": "crn:v1:bluemix:public:is:us-south-3:a/e65910fa61ce9072d64902d03f3d4774::public-gateway:r006-081b10bb-cdd6-4ddf-9d68-7ae9ca97955f",
            "floating_ip": {
              "address": "169.48.95.139",
              "id": "r006-88387b8a-0416-432c-9694-d439f45df353"
            },
            "id": "r006-081b10bb-cdd6-4ddf-9d68-7ae9ca97955f",
            "name": "example-vpc-gateway-3",
            "resource_controller_url": "https://cloud.ibm.com/vpc-ext/network/publicGateways",
            "resource_crn": "crn:v1:bluemix:public:is:us-south-3:a/e65910fa61ce9072d64902d03f3d4774::public-gateway:r006-081b10bb-cdd6-4ddf-9d68-7ae9ca97955f",
            "resource_group": "1d6f7c2015944d3993b3fb2609ff57d0",
            "resource_group_name": "example-vpc-resource-group",
            "resource_name": "example-vpc-gateway-3",
            "resource_status": "available",
            "status": "available",
            "tags": [],
            "timeouts": null,
            "vpc": "r006-bd563757-274a-4ace-bdcd-12ce183fdcfc",
            "zone": "us-south-3"
          },
          "sensitive_attributes": [],
          "private": "eyJlMmJmYjczMC1lY2FhLTExZTYtOGY4OC0zNDM2M2JjN2M0YzAiOnsiY3JlYXRlIjo2MDAwMDAwMDAwMDAsImRlbGV0ZSI6NjAwMDAwMDAwMDAwfX0=",
          "dependencies": [
            "module.resource_group.data.ibm_resource_group.existing_resource_group",
            "module.resource_group.ibm_resource_group.resource_group",
            "module.vpc.ibm_is_vpc.vpc"
          ]
        }
      ]
    },
    {
      "module": "module.vpc",
      "mode": "managed",
      "type": "ibm_is_security_group_rule",
      "name": "secure_cluster_sg_rules",
      "provider": "provider[\"registry.terraform.io/ibm-cloud/ibm\"]",
      "instances": [
        {
          "index_key": "allow_all_inbound",
          "schema_version": 0,
          "attributes": {
            "direction": "inbound",
            "group": "r006-1b0ecdb2-17c8-4743-8deb-51c7b461faa7",
            "icmp": [],
            "id": "r006-1b0ecdb2-17c8-4743-8deb-51c7b461faa7.r006-79c0a1af-73cf-4bbd-8b46-f5fd71d2e781",
            "ip_version": "ipv4",
            "protocol": "all",
            "related_crn": "crn:v1:bluemix:public:is:us-south:a/e65910fa61ce9072d64902d03f3d4774::security-group:r006-1b0ecdb2-17c8-4743-8deb-51c7b461faa7",
            "remote": "0.0.0.0/0",
            "rule_id": "r006-79c0a1af-73cf-4bbd-8b46-f5fd71d2e781",
            "tcp": [],
            "udp": []
          },
          "sensitive_attributes": [],
          "private": "bnVsbA==",
          "dependencies": [
            "module.resource_group.data.ibm_resource_group.existing_resource_group",
            "module.resource_group.ibm_resource_group.resource_group",
            "module.vpc.ibm_is_vpc.vpc"
          ]
        }
      ]
    },
    {
      "module": "module.vpc",
      "mode": "managed",
      "type": "ibm_is_virtual_endpoint_gateway",
      "name": "endpoint_gateways",
      "provider": "provider[\"registry.terraform.io/ibm-cloud/ibm\"]",
      "instances": [
        {
          "index_key": "ntp",
          "schema_version": 0,
          "attributes": {
            "access_tags": [],
            "created_at": "2023-12-27T11:48:34.000Z",
            "crn": "crn:v1:bluemix:public:is:us-south:a/e65910fa61ce9072d64902d03f3d4774::endpoint-gateway:r006-8925f0f3-7d53-48de-8df6-ae5cc4f94aae",
            "health_state": "ok",
            "id": "r006-8925f0f3-7d53-48de-8df6-ae5cc4f94aae",
            "ips": [
              {
                "address": "192.168.20.4",
                "id": "0727-88cb3d85-2fef-43fc-ad5d-2030e7d389fe",
                "name": "example-vpc-vpe-ntp-1",
                "resource_type": "subnet_reserved_ip",
                "subnet": ""
              },
              {
                "address": "192.168.24.4",
                "id": "0737-b989d04f-aa10-4c8b-a5a3-ed69271db4a9",
                "name": "example-vpc-vpe-ntp-2",
                "resource_type": "subnet_reserved_ip",
                "subnet": ""
              },
              {
                "address": "192.168.16.4",
                "id": "0717-95d0e886-6171-4e4b-a521-3cc08d2cb33b",
                "name": "example-vpc-vpe-ntp-0",
                "resource_type": "subnet_reserved_ip",
                "subnet": ""
              }
            ],
            "lifecycle_state": "stable",
            "name": "example-vpc-vpe-ntp",
            "resource_group": "1d6f7c2015944d3993b3fb2609ff57d0",
            "resource_type": "endpoint_gateway",
            "security_groups": [
              "r006-1b0ecdb2-17c8-4743-8deb-51c7b461faa7"
            ],
            "service_endpoints": [
              "time.adn.networklayer.com"
            ],
            "tags": [],
            "target": [
              {
                "crn": "",
                "name": "ibm-ntp-server",
                "resource_type": "provider_infrastructure_service"
              }
            ],
            "timeouts": null,
            "vpc": "r006-bd563757-274a-4ace-bdcd-12ce183fdcfc"
          },
          "sensitive_attributes": [],
          "private": "eyJlMmJmYjczMC1lY2FhLTExZTYtOGY4OC0zNDM2M2JjN2M0YzAiOnsiY3JlYXRlIjoxODAwMDAwMDAwMDAwLCJkZWxldGUiOjE4MDAwMDAwMDAwMDAsInVwZGF0ZSI6MTgwMDAwMDAwMDAwMH19",
          "dependencies": [
            "module.resource_group.data.ibm_resource_group.existing_resource_group",
            "module.resource_group.ibm_resource_group.resource_group",
            "module.vpc.ibm_is_network_acl.multizone_acl",
            "module.vpc.ibm_is_public_gateway.gateway",
            "module.vpc.ibm_is_vpc.vpc",
            "module.vpc.module.vpc_subnets.ibm_is_subnet.subnet",
            "module.vpc.module.vpc_subnets.ibm_is_vpc_address_prefix.subnet_prefix",
            "module.vpc.null_resource.subnet_mappings"
          ]
        }
      ]
    },
    {
      "module": "module.vpc",
      "mode": "managed",
      "type": "ibm_is_vpc",
      "name": "vpc",
      "provider": "provider[\"registry.terraform.io/ibm-cloud/ibm\"]",
      "instances": [
        {
          "schema_version": 0,
          "attributes": {
            "access_tags": [],
            "address_prefix_management": "manual",
            "classic_access": false,
            "crn": "crn:v1:bluemix:public:is:us-south:a/e65910fa61ce9072d64902d03f3d4774::vpc:r006-bd563757-274a-4ace-bdcd-12ce183fdcfc",
            "cse_source_addresses": [
              {
                "address": "10.12.125.212",
                "zone_name": "us-south-1"
              },
              {
                "address": "10.249.207.140",
                "zone_name": "us-south-2"
              },
              {
                "address": "10.22.36.212",
                "zone_name": "us-south-3"
              }
            ],
            "default_network_acl": "r006-3c7b8172-3063-42b8-be83-635e94e4eddd",
            "default_network_acl_crn": "crn:v1:bluemix:public:is:us-south:a/e65910fa61ce9072d64902d03f3d4774::network-acl:r006-3c7b8172-3063-42b8-be83-635e94e4eddd",
            "default_network_acl_name": "example-vpc-edge-acl",
            "default_routing_table": "r006-9508c765-d122-4ee3-ad3b-2a3b0e26d6f3",
            "default_routing_table_name": "example-vpc-default-table",
            "default_security_group": "r006-1b0ecdb2-17c8-4743-8deb-51c7b461faa7",
            "default_security_group_crn": "crn:v1:bluemix:public:is:us-south:a/e65910fa61ce9072d64902d03f3d4774::security-group:r006-1b0ecdb2-17c8-4743-8deb-51c7b461faa7",
            "default_security_group_name": "example-vpc-default-sg",
            "id": "r006-bd563757-274a-4ace-bdcd-12ce183fdcfc",
            "name": "example-vpc-vpc",
            "resource_controller_url": "https://cloud.ibm.com/vpc-ext/network/vpcs",
            "resource_crn": "crn:v1:bluemix:public:is:us-south:a/e65910fa61ce9072d64902d03f3d4774::vpc:r006-bd563757-274a-4ace-bdcd-12ce183fdcfc",
            "resource_group": "1d6f7c2015944d3993b3fb2609ff57d0",
            "resource_group_name": "example-vpc-resource-group",
            "resource_name": "example-vpc-vpc",
            "resource_status": "available",
            "security_group": [
              {
                "group_id": "r006-1b0ecdb2-17c8-4743-8deb-51c7b461faa7",
                "group_name": "example-vpc-default-sg",
                "rules": [
                  {
                    "code": 0,
                    "direction": "outbound",
                    "ip_version": "ipv4",
                    "port_max": 0,
                    "port_min": 0,
                    "protocol": "all",
                    "remote": "0.0.0.0/0",
                    "rule_id": "r006-99b08d14-119b-4cc0-bb06-54ba91606bd3",
                    "type": 0
                  },
                  {
                    "code": 0,
                    "direction": "inbound",
                    "ip_version": "ipv4",
                    "port_max": 0,
                    "port_min": 0,
                    "protocol": "all",
                    "remote": "r006-1b0ecdb2-17c8-4743-8deb-51c7b461faa7",
                    "rule_id": "r006-a7e3a6fa-48c8-40d8-a7dd-e6784192f396",
                    "type": 0
                  },
                  {
                    "code": 0,
                    "direction": "inbound",
                    "ip_version": "ipv4",
                    "port_max": 0,
                    "port_min": 0,
                    "protocol": "all",
                    "remote": "0.0.0.0/0",
                    "rule_id": "r006-79c0a1af-73cf-4bbd-8b46-f5fd71d2e781",
                    "type": 0
                  }
                ]
              }
            ],
            "status": "available",
            "subnets": [
              {
                "available_ipv4_address_count": 1018,
                "id": "0717-da529daa-d859-4cae-9a9c-af172e7ac2ee",
                "name": "example-vpc-transit-subnet-1",
                "status": "available",
                "total_ipv4_address_count": 1024,
                "zone": "us-south-1"
              },
              {
                "available_ipv4_address_count": 1018,
                "id": "0737-6d94fd10-bdc2-4158-aa8a-fe91f365de1b",
                "name": "example-vpc-transit-subnet-3",
                "status": "available",
                "total_ipv4_address_count": 1024,
                "zone": "us-south-3"
              },
              {
                "available_ipv4_address_count": 1018,
                "id": "0727-5eea8042-2c77-437c-a124-028e80bc66a4",
                "name": "example-vpc-transit-subnet-2",
                "status": "available",
                "total_ipv4_address_count": 1024,
                "zone": "us-south-2"
              },
              {
                "available_ipv4_address_count": 1019,
                "id": "0717-e4a1ef70-7d8a-43f8-bba5-30700935799f",
                "name": "example-vpc-nlb-subnet-1",
                "status": "available",
                "total_ipv4_address_count": 1024,
                "zone": "us-south-1"
              },
              {
                "available_ipv4_address_count": 1019,
                "id": "0727-e8078b6f-2763-4faf-ac16-f9846b6b23c4",
                "name": "example-vpc-nlb-subnet-2",
                "status": "available",
                "total_ipv4_address_count": 1024,
                "zone": "us-south-2"
              },
              {
                "available_ipv4_address_count": 1019,
                "id": "0737-18dea387-49fd-4ec5-85c7-08d97c92b239",
                "name": "example-vpc-nlb-subnet-3",
                "status": "available",
                "total_ipv4_address_count": 1024,
                "zone": "us-south-3"
              },
              {
                "available_ipv4_address_count": 1019,
                "id": "0737-4406f70a-f6e1-4524-97c2-d1b4fdc35fe7",
                "name": "example-vpc-private-subnet-3",
                "status": "available",
                "total_ipv4_address_count": 1024,
                "zone": "us-south-3"
              },
              {
                "available_ipv4_address_count": 1019,
                "id": "0717-e68007c5-c1dd-4da8-bcdd-7abbb8aa3b75",
                "name": "example-vpc-edge-subnet-1",
                "status": "available",
                "total_ipv4_address_count": 1024,
                "zone": "us-south-1"
              },
              {
                "available_ipv4_address_count": 1019,
                "id": "0727-cc44e9bd-bdb4-41e4-a956-27d6ce3436be",
                "name": "example-vpc-edge-subnet-2",
                "status": "available",
                "total_ipv4_address_count": 1024,
                "zone": "us-south-2"
              },
              {
                "available_ipv4_address_count": 1019,
                "id": "0717-503c439b-2b40-43c6-bd16-b2d99b391248",
                "name": "example-vpc-private-subnet-1",
                "status": "available",
                "total_ipv4_address_count": 1024,
                "zone": "us-south-1"
              },
              {
                "available_ipv4_address_count": 1019,
                "id": "0737-83d79e74-3bc1-4c97-9f97-ad8a14ae0b00",
                "name": "example-vpc-edge-subnet-3",
                "status": "available",
                "total_ipv4_address_count": 1024,
                "zone": "us-south-3"
              },
              {
                "available_ipv4_address_count": 1019,
                "id": "0727-39c2c181-a549-46bc-9b2d-7cb806c508c6",
                "name": "example-vpc-private-subnet-2",
                "status": "available",
                "total_ipv4_address_count": 1024,
                "zone": "us-south-2"
              }
            ],
            "tags": [
              "tutorial"
            ],
            "timeouts": null
          },
          "sensitive_attributes": [],
          "private": "eyJlMmJmYjczMC1lY2FhLTExZTYtOGY4OC0zNDM2M2JjN2M0YzAiOnsiY3JlYXRlIjo2MDAwMDAwMDAwMDAsImRlbGV0ZSI6NjAwMDAwMDAwMDAwfX0=",
          "dependencies": [
            "module.resource_group.data.ibm_resource_group.existing_resource_group",
            "module.resource_group.ibm_resource_group.resource_group"
          ]
        }
      ]
    },
    {
      "module": "module.vpc",
      "mode": "managed",
      "type": "null_resource",
      "name": "subnet_mappings",
      "provider": "provider[\"registry.terraform.io/hashicorp/null\"]",
      "instances": [
        {
          "index_key": 0,
          "schema_version": 0,
          "attributes": {
            "id": "1032506453473342797",
            "triggers": {
              "name": "zone-1",
              "new_bits": "2"
            }
          },
          "sensitive_attributes": []
        },
        {
          "index_key": 1,
          "schema_version": 0,
          "attributes": {
            "id": "6129868213743829164",
            "triggers": {
              "name": "zone-2",
              "new_bits": "2"
            }
          },
          "sensitive_attributes": []
        },
        {
          "index_key": 2,
          "schema_version": 0,
          "attributes": {
            "id": "6859394240429133862",
            "triggers": {
              "name": "zone-3",
              "new_bits": "2"
            }
          },
          "sensitive_attributes": []
        }
      ]
    },
    {
      "module": "module.vpc",
      "mode": "managed",
      "type": "time_sleep",
      "name": "wait_for_authorization_policy",
      "provider": "provider[\"registry.terraform.io/hashicorp/time\"]",
      "instances": [
        {
          "schema_version": 0,
          "attributes": {
            "create_duration": "30s",
            "destroy_duration": null,
            "id": "2023-12-27T11:47:28Z",
            "triggers": null
          },
          "sensitive_attributes": [],
          "dependencies": [
            "module.vpc.ibm_iam_authorization_policy.policy"
          ]
        }
      ]
    },
    {
      "module": "module.vpc.module.vpc_subnets[\"edge\"]",
      "mode": "managed",
      "type": "ibm_is_subnet",
      "name": "subnet",
      "provider": "provider[\"registry.terraform.io/ibm-cloud/ibm\"]",
      "instances": [
        {
          "index_key": 0,
          "schema_version": 0,
          "attributes": {
            "access_tags": [],
            "available_ipv4_address_count": 1019,
            "crn": "crn:v1:bluemix:public:is:us-south-1:a/e65910fa61ce9072d64902d03f3d4774::subnet:0717-e68007c5-c1dd-4da8-bcdd-7abbb8aa3b75",
            "id": "0717-e68007c5-c1dd-4da8-bcdd-7abbb8aa3b75",
            "ip_version": "ipv4",
            "ipv4_cidr_block": "192.168.32.0/22",
            "name": "example-vpc-edge-subnet-1",
            "network_acl": "r006-3c7b8172-3063-42b8-be83-635e94e4eddd",
            "public_gateway": "r006-398b86ac-8645-4102-bb21-88a95e798bf8",
            "resource_controller_url": "https://cloud.ibm.com/vpc-ext/network/subnets",
            "resource_crn": "crn:v1:bluemix:public:is:us-south-1:a/e65910fa61ce9072d64902d03f3d4774::subnet:0717-e68007c5-c1dd-4da8-bcdd-7abbb8aa3b75",
            "resource_group": "1d6f7c2015944d3993b3fb2609ff57d0",
            "resource_group_name": "example-vpc-resource-group",
            "resource_name": "example-vpc-edge-subnet-1",
            "resource_status": "available",
            "routing_table": "r006-9508c765-d122-4ee3-ad3b-2a3b0e26d6f3",
            "status": "available",
            "tags": [
              "public"
            ],
            "timeouts": null,
            "total_ipv4_address_count": 1024,
            "vpc": "r006-bd563757-274a-4ace-bdcd-12ce183fdcfc",
            "zone": "us-south-1"
          },
          "sensitive_attributes": [],
          "private": "eyJlMmJmYjczMC1lY2FhLTExZTYtOGY4OC0zNDM2M2JjN2M0YzAiOnsiY3JlYXRlIjo2MDAwMDAwMDAwMDAsImRlbGV0ZSI6NjAwMDAwMDAwMDAwLCJ1cGRhdGUiOjYwMDAwMDAwMDAwMH19",
          "dependencies": [
            "module.resource_group.data.ibm_resource_group.existing_resource_group",
            "module.resource_group.ibm_resource_group.resource_group",
            "module.vpc.ibm_is_network_acl.multizone_acl",
            "module.vpc.ibm_is_public_gateway.gateway",
            "module.vpc.ibm_is_vpc.vpc",
            "module.vpc.module.vpc_subnets.ibm_is_vpc_address_prefix.subnet_prefix",
            "module.vpc.null_resource.subnet_mappings"
          ]
        },
        {
          "index_key": 1,
          "schema_version": 0,
          "attributes": {
            "access_tags": [],
            "available_ipv4_address_count": 1019,
            "crn": "crn:v1:bluemix:public:is:us-south-2:a/e65910fa61ce9072d64902d03f3d4774::subnet:0727-cc44e9bd-bdb4-41e4-a956-27d6ce3436be",
            "id": "0727-cc44e9bd-bdb4-41e4-a956-27d6ce3436be",
            "ip_version": "ipv4",
            "ipv4_cidr_block": "192.168.36.0/22",
            "name": "example-vpc-edge-subnet-2",
            "network_acl": "r006-3c7b8172-3063-42b8-be83-635e94e4eddd",
            "public_gateway": "r006-d6ea27c5-32dd-4a7a-af4e-2d0e8fb191af",
            "resource_controller_url": "https://cloud.ibm.com/vpc-ext/network/subnets",
            "resource_crn": "crn:v1:bluemix:public:is:us-south-2:a/e65910fa61ce9072d64902d03f3d4774::subnet:0727-cc44e9bd-bdb4-41e4-a956-27d6ce3436be",
            "resource_group": "1d6f7c2015944d3993b3fb2609ff57d0",
            "resource_group_name": "example-vpc-resource-group",
            "resource_name": "example-vpc-edge-subnet-2",
            "resource_status": "available",
            "routing_table": "r006-9508c765-d122-4ee3-ad3b-2a3b0e26d6f3",
            "status": "available",
            "tags": [
              "public"
            ],
            "timeouts": null,
            "total_ipv4_address_count": 1024,
            "vpc": "r006-bd563757-274a-4ace-bdcd-12ce183fdcfc",
            "zone": "us-south-2"
          },
          "sensitive_attributes": [],
          "private": "eyJlMmJmYjczMC1lY2FhLTExZTYtOGY4OC0zNDM2M2JjN2M0YzAiOnsiY3JlYXRlIjo2MDAwMDAwMDAwMDAsImRlbGV0ZSI6NjAwMDAwMDAwMDAwLCJ1cGRhdGUiOjYwMDAwMDAwMDAwMH19",
          "dependencies": [
            "module.resource_group.data.ibm_resource_group.existing_resource_group",
            "module.resource_group.ibm_resource_group.resource_group",
            "module.vpc.ibm_is_network_acl.multizone_acl",
            "module.vpc.ibm_is_public_gateway.gateway",
            "module.vpc.ibm_is_vpc.vpc",
            "module.vpc.module.vpc_subnets.ibm_is_vpc_address_prefix.subnet_prefix",
            "module.vpc.null_resource.subnet_mappings"
          ]
        },
        {
          "index_key": 2,
          "schema_version": 0,
          "attributes": {
            "access_tags": [],
            "available_ipv4_address_count": 1019,
            "crn": "crn:v1:bluemix:public:is:us-south-3:a/e65910fa61ce9072d64902d03f3d4774::subnet:0737-83d79e74-3bc1-4c97-9f97-ad8a14ae0b00",
            "id": "0737-83d79e74-3bc1-4c97-9f97-ad8a14ae0b00",
            "ip_version": "ipv4",
            "ipv4_cidr_block": "192.168.40.0/22",
            "name": "example-vpc-edge-subnet-3",
            "network_acl": "r006-3c7b8172-3063-42b8-be83-635e94e4eddd",
            "public_gateway": "r006-081b10bb-cdd6-4ddf-9d68-7ae9ca97955f",
            "resource_controller_url": "https://cloud.ibm.com/vpc-ext/network/subnets",
            "resource_crn": "crn:v1:bluemix:public:is:us-south-3:a/e65910fa61ce9072d64902d03f3d4774::subnet:0737-83d79e74-3bc1-4c97-9f97-ad8a14ae0b00",
            "resource_group": "1d6f7c2015944d3993b3fb2609ff57d0",
            "resource_group_name": "example-vpc-resource-group",
            "resource_name": "example-vpc-edge-subnet-3",
            "resource_status": "available",
            "routing_table": "r006-9508c765-d122-4ee3-ad3b-2a3b0e26d6f3",
            "status": "available",
            "tags": [
              "public"
            ],
            "timeouts": null,
            "total_ipv4_address_count": 1024,
            "vpc": "r006-bd563757-274a-4ace-bdcd-12ce183fdcfc",
            "zone": "us-south-3"
          },
          "sensitive_attributes": [],
          "private": "eyJlMmJmYjczMC1lY2FhLTExZTYtOGY4OC0zNDM2M2JjN2M0YzAiOnsiY3JlYXRlIjo2MDAwMDAwMDAwMDAsImRlbGV0ZSI6NjAwMDAwMDAwMDAwLCJ1cGRhdGUiOjYwMDAwMDAwMDAwMH19",
          "dependencies": [
            "module.resource_group.data.ibm_resource_group.existing_resource_group",
            "module.resource_group.ibm_resource_group.resource_group",
            "module.vpc.ibm_is_network_acl.multizone_acl",
            "module.vpc.ibm_is_public_gateway.gateway",
            "module.vpc.ibm_is_vpc.vpc",
            "module.vpc.module.vpc_subnets.ibm_is_vpc_address_prefix.subnet_prefix",
            "module.vpc.null_resource.subnet_mappings"
          ]
        }
      ]
    },
    {
      "module": "module.vpc.module.vpc_subnets[\"edge\"]",
      "mode": "managed",
      "type": "ibm_is_vpc_address_prefix",
      "name": "subnet_prefix",
      "provider": "provider[\"registry.terraform.io/ibm-cloud/ibm\"]",
      "instances": [
        {
          "index_key": 0,
          "schema_version": 0,
          "attributes": {
            "address_prefix": "r006-04378f92-076c-4ece-8fe3-f03648e3c47c",
            "cidr": "192.168.32.0/22",
            "has_subnets": true,
            "id": "r006-bd563757-274a-4ace-bdcd-12ce183fdcfc/r006-04378f92-076c-4ece-8fe3-f03648e3c47c",
            "is_default": false,
            "name": "example-vpc-edge-z-1",
            "related_crn": "crn:v1:bluemix:public:is:us-south:a/e65910fa61ce9072d64902d03f3d4774::vpc:r006-bd563757-274a-4ace-bdcd-12ce183fdcfc",
            "vpc": "r006-bd563757-274a-4ace-bdcd-12ce183fdcfc",
            "zone": "us-south-1"
          },
          "sensitive_attributes": [],
          "private": "bnVsbA==",
          "dependencies": [
            "module.resource_group.data.ibm_resource_group.existing_resource_group",
            "module.resource_group.ibm_resource_group.resource_group",
            "module.vpc.ibm_is_vpc.vpc",
            "module.vpc.null_resource.subnet_mappings"
          ]
        },
        {
          "index_key": 1,
          "schema_version": 0,
          "attributes": {
            "address_prefix": "r006-11fd9751-9bad-4272-927b-753110d9de6d",
            "cidr": "192.168.36.0/22",
            "has_subnets": true,
            "id": "r006-bd563757-274a-4ace-bdcd-12ce183fdcfc/r006-11fd9751-9bad-4272-927b-753110d9de6d",
            "is_default": false,
            "name": "example-vpc-edge-z-2",
            "related_crn": "crn:v1:bluemix:public:is:us-south:a/e65910fa61ce9072d64902d03f3d4774::vpc:r006-bd563757-274a-4ace-bdcd-12ce183fdcfc",
            "vpc": "r006-bd563757-274a-4ace-bdcd-12ce183fdcfc",
            "zone": "us-south-2"
          },
          "sensitive_attributes": [],
          "private": "bnVsbA==",
          "dependencies": [
            "module.resource_group.data.ibm_resource_group.existing_resource_group",
            "module.resource_group.ibm_resource_group.resource_group",
            "module.vpc.ibm_is_vpc.vpc",
            "module.vpc.null_resource.subnet_mappings"
          ]
        },
        {
          "index_key": 2,
          "schema_version": 0,
          "attributes": {
            "address_prefix": "r006-ea8f3fa0-ed7c-4efe-8d12-1c72deea74da",
            "cidr": "192.168.40.0/22",
            "has_subnets": true,
            "id": "r006-bd563757-274a-4ace-bdcd-12ce183fdcfc/r006-ea8f3fa0-ed7c-4efe-8d12-1c72deea74da",
            "is_default": false,
            "name": "example-vpc-edge-z-3",
            "related_crn": "crn:v1:bluemix:public:is:us-south:a/e65910fa61ce9072d64902d03f3d4774::vpc:r006-bd563757-274a-4ace-bdcd-12ce183fdcfc",
            "vpc": "r006-bd563757-274a-4ace-bdcd-12ce183fdcfc",
            "zone": "us-south-3"
          },
          "sensitive_attributes": [],
          "private": "bnVsbA==",
          "dependencies": [
            "module.resource_group.data.ibm_resource_group.existing_resource_group",
            "module.resource_group.ibm_resource_group.resource_group",
            "module.vpc.ibm_is_vpc.vpc",
            "module.vpc.null_resource.subnet_mappings"
          ]
        }
      ]
    },
    {
      "module": "module.vpc.module.vpc_subnets[\"nlb\"]",
      "mode": "managed",
      "type": "ibm_is_subnet",
      "name": "subnet",
      "provider": "provider[\"registry.terraform.io/ibm-cloud/ibm\"]",
      "instances": [
        {
          "index_key": 0,
          "schema_version": 0,
          "attributes": {
            "access_tags": [],
            "available_ipv4_address_count": 1019,
            "crn": "crn:v1:bluemix:public:is:us-south-1:a/e65910fa61ce9072d64902d03f3d4774::subnet:0717-e4a1ef70-7d8a-43f8-bba5-30700935799f",
            "id": "0717-e4a1ef70-7d8a-43f8-bba5-30700935799f",
            "ip_version": "ipv4",
            "ipv4_cidr_block": "192.168.48.0/22",
            "name": "example-vpc-nlb-subnet-1",
            "network_acl": "r006-3c7b8172-3063-42b8-be83-635e94e4eddd",
            "public_gateway": "",
            "resource_controller_url": "https://cloud.ibm.com/vpc-ext/network/subnets",
            "resource_crn": "crn:v1:bluemix:public:is:us-south-1:a/e65910fa61ce9072d64902d03f3d4774::subnet:0717-e4a1ef70-7d8a-43f8-bba5-30700935799f",
            "resource_group": "1d6f7c2015944d3993b3fb2609ff57d0",
            "resource_group_name": "example-vpc-resource-group",
            "resource_name": "example-vpc-nlb-subnet-1",
            "resource_status": "available",
            "routing_table": "r006-9508c765-d122-4ee3-ad3b-2a3b0e26d6f3",
            "status": "available",
            "tags": [
              "private"
            ],
            "timeouts": null,
            "total_ipv4_address_count": 1024,
            "vpc": "r006-bd563757-274a-4ace-bdcd-12ce183fdcfc",
            "zone": "us-south-1"
          },
          "sensitive_attributes": [],
          "private": "eyJlMmJmYjczMC1lY2FhLTExZTYtOGY4OC0zNDM2M2JjN2M0YzAiOnsiY3JlYXRlIjo2MDAwMDAwMDAwMDAsImRlbGV0ZSI6NjAwMDAwMDAwMDAwLCJ1cGRhdGUiOjYwMDAwMDAwMDAwMH19",
          "dependencies": [
            "module.resource_group.data.ibm_resource_group.existing_resource_group",
            "module.resource_group.ibm_resource_group.resource_group",
            "module.vpc.ibm_is_network_acl.multizone_acl",
            "module.vpc.ibm_is_public_gateway.gateway",
            "module.vpc.ibm_is_vpc.vpc",
            "module.vpc.module.vpc_subnets.ibm_is_vpc_address_prefix.subnet_prefix",
            "module.vpc.null_resource.subnet_mappings"
          ]
        },
        {
          "index_key": 1,
          "schema_version": 0,
          "attributes": {
            "access_tags": [],
            "available_ipv4_address_count": 1019,
            "crn": "crn:v1:bluemix:public:is:us-south-2:a/e65910fa61ce9072d64902d03f3d4774::subnet:0727-e8078b6f-2763-4faf-ac16-f9846b6b23c4",
            "id": "0727-e8078b6f-2763-4faf-ac16-f9846b6b23c4",
            "ip_version": "ipv4",
            "ipv4_cidr_block": "192.168.52.0/22",
            "name": "example-vpc-nlb-subnet-2",
            "network_acl": "r006-3c7b8172-3063-42b8-be83-635e94e4eddd",
            "public_gateway": "",
            "resource_controller_url": "https://cloud.ibm.com/vpc-ext/network/subnets",
            "resource_crn": "crn:v1:bluemix:public:is:us-south-2:a/e65910fa61ce9072d64902d03f3d4774::subnet:0727-e8078b6f-2763-4faf-ac16-f9846b6b23c4",
            "resource_group": "1d6f7c2015944d3993b3fb2609ff57d0",
            "resource_group_name": "example-vpc-resource-group",
            "resource_name": "example-vpc-nlb-subnet-2",
            "resource_status": "available",
            "routing_table": "r006-9508c765-d122-4ee3-ad3b-2a3b0e26d6f3",
            "status": "available",
            "tags": [
              "private"
            ],
            "timeouts": null,
            "total_ipv4_address_count": 1024,
            "vpc": "r006-bd563757-274a-4ace-bdcd-12ce183fdcfc",
            "zone": "us-south-2"
          },
          "sensitive_attributes": [],
          "private": "eyJlMmJmYjczMC1lY2FhLTExZTYtOGY4OC0zNDM2M2JjN2M0YzAiOnsiY3JlYXRlIjo2MDAwMDAwMDAwMDAsImRlbGV0ZSI6NjAwMDAwMDAwMDAwLCJ1cGRhdGUiOjYwMDAwMDAwMDAwMH19",
          "dependencies": [
            "module.resource_group.data.ibm_resource_group.existing_resource_group",
            "module.resource_group.ibm_resource_group.resource_group",
            "module.vpc.ibm_is_network_acl.multizone_acl",
            "module.vpc.ibm_is_public_gateway.gateway",
            "module.vpc.ibm_is_vpc.vpc",
            "module.vpc.module.vpc_subnets.ibm_is_vpc_address_prefix.subnet_prefix",
            "module.vpc.null_resource.subnet_mappings"
          ]
        },
        {
          "index_key": 2,
          "schema_version": 0,
          "attributes": {
            "access_tags": [],
            "available_ipv4_address_count": 1019,
            "crn": "crn:v1:bluemix:public:is:us-south-3:a/e65910fa61ce9072d64902d03f3d4774::subnet:0737-18dea387-49fd-4ec5-85c7-08d97c92b239",
            "id": "0737-18dea387-49fd-4ec5-85c7-08d97c92b239",
            "ip_version": "ipv4",
            "ipv4_cidr_block": "192.168.56.0/22",
            "name": "example-vpc-nlb-subnet-3",
            "network_acl": "r006-3c7b8172-3063-42b8-be83-635e94e4eddd",
            "public_gateway": "",
            "resource_controller_url": "https://cloud.ibm.com/vpc-ext/network/subnets",
            "resource_crn": "crn:v1:bluemix:public:is:us-south-3:a/e65910fa61ce9072d64902d03f3d4774::subnet:0737-18dea387-49fd-4ec5-85c7-08d97c92b239",
            "resource_group": "1d6f7c2015944d3993b3fb2609ff57d0",
            "resource_group_name": "example-vpc-resource-group",
            "resource_name": "example-vpc-nlb-subnet-3",
            "resource_status": "available",
            "routing_table": "r006-9508c765-d122-4ee3-ad3b-2a3b0e26d6f3",
            "status": "available",
            "tags": [
              "private"
            ],
            "timeouts": null,
            "total_ipv4_address_count": 1024,
            "vpc": "r006-bd563757-274a-4ace-bdcd-12ce183fdcfc",
            "zone": "us-south-3"
          },
          "sensitive_attributes": [],
          "private": "eyJlMmJmYjczMC1lY2FhLTExZTYtOGY4OC0zNDM2M2JjN2M0YzAiOnsiY3JlYXRlIjo2MDAwMDAwMDAwMDAsImRlbGV0ZSI6NjAwMDAwMDAwMDAwLCJ1cGRhdGUiOjYwMDAwMDAwMDAwMH19",
          "dependencies": [
            "module.resource_group.data.ibm_resource_group.existing_resource_group",
            "module.resource_group.ibm_resource_group.resource_group",
            "module.vpc.ibm_is_network_acl.multizone_acl",
            "module.vpc.ibm_is_public_gateway.gateway",
            "module.vpc.ibm_is_vpc.vpc",
            "module.vpc.module.vpc_subnets.ibm_is_vpc_address_prefix.subnet_prefix",
            "module.vpc.null_resource.subnet_mappings"
          ]
        }
      ]
    },
    {
      "module": "module.vpc.module.vpc_subnets[\"nlb\"]",
      "mode": "managed",
      "type": "ibm_is_vpc_address_prefix",
      "name": "subnet_prefix",
      "provider": "provider[\"registry.terraform.io/ibm-cloud/ibm\"]",
      "instances": [
        {
          "index_key": 0,
          "schema_version": 0,
          "attributes": {
            "address_prefix": "r006-90a4053a-0eef-4d51-b04a-d24430cae3cd",
            "cidr": "192.168.48.0/22",
            "has_subnets": true,
            "id": "r006-bd563757-274a-4ace-bdcd-12ce183fdcfc/r006-90a4053a-0eef-4d51-b04a-d24430cae3cd",
            "is_default": false,
            "name": "example-vpc-nlb-z-1",
            "related_crn": "crn:v1:bluemix:public:is:us-south:a/e65910fa61ce9072d64902d03f3d4774::vpc:r006-bd563757-274a-4ace-bdcd-12ce183fdcfc",
            "vpc": "r006-bd563757-274a-4ace-bdcd-12ce183fdcfc",
            "zone": "us-south-1"
          },
          "sensitive_attributes": [],
          "private": "bnVsbA==",
          "dependencies": [
            "module.resource_group.data.ibm_resource_group.existing_resource_group",
            "module.resource_group.ibm_resource_group.resource_group",
            "module.vpc.ibm_is_vpc.vpc",
            "module.vpc.null_resource.subnet_mappings"
          ]
        },
        {
          "index_key": 1,
          "schema_version": 0,
          "attributes": {
            "address_prefix": "r006-ae0fbe08-c6ad-4271-a8de-02300f502c89",
            "cidr": "192.168.52.0/22",
            "has_subnets": true,
            "id": "r006-bd563757-274a-4ace-bdcd-12ce183fdcfc/r006-ae0fbe08-c6ad-4271-a8de-02300f502c89",
            "is_default": false,
            "name": "example-vpc-nlb-z-2",
            "related_crn": "crn:v1:bluemix:public:is:us-south:a/e65910fa61ce9072d64902d03f3d4774::vpc:r006-bd563757-274a-4ace-bdcd-12ce183fdcfc",
            "vpc": "r006-bd563757-274a-4ace-bdcd-12ce183fdcfc",
            "zone": "us-south-2"
          },
          "sensitive_attributes": [],
          "private": "bnVsbA==",
          "dependencies": [
            "module.resource_group.data.ibm_resource_group.existing_resource_group",
            "module.resource_group.ibm_resource_group.resource_group",
            "module.vpc.ibm_is_vpc.vpc",
            "module.vpc.null_resource.subnet_mappings"
          ]
        },
        {
          "index_key": 2,
          "schema_version": 0,
          "attributes": {
            "address_prefix": "r006-51b6f9fb-f093-4952-ba2f-8e949a273421",
            "cidr": "192.168.56.0/22",
            "has_subnets": true,
            "id": "r006-bd563757-274a-4ace-bdcd-12ce183fdcfc/r006-51b6f9fb-f093-4952-ba2f-8e949a273421",
            "is_default": false,
            "name": "example-vpc-nlb-z-3",
            "related_crn": "crn:v1:bluemix:public:is:us-south:a/e65910fa61ce9072d64902d03f3d4774::vpc:r006-bd563757-274a-4ace-bdcd-12ce183fdcfc",
            "vpc": "r006-bd563757-274a-4ace-bdcd-12ce183fdcfc",
            "zone": "us-south-3"
          },
          "sensitive_attributes": [],
          "private": "bnVsbA==",
          "dependencies": [
            "module.resource_group.data.ibm_resource_group.existing_resource_group",
            "module.resource_group.ibm_resource_group.resource_group",
            "module.vpc.ibm_is_vpc.vpc",
            "module.vpc.null_resource.subnet_mappings"
          ]
        }
      ]
    },
    {
      "module": "module.vpc.module.vpc_subnets[\"private\"]",
      "mode": "managed",
      "type": "ibm_is_subnet",
      "name": "subnet",
      "provider": "provider[\"registry.terraform.io/ibm-cloud/ibm\"]",
      "instances": [
        {
          "index_key": 0,
          "schema_version": 0,
          "attributes": {
            "access_tags": [],
            "available_ipv4_address_count": 1019,
            "crn": "crn:v1:bluemix:public:is:us-south-1:a/e65910fa61ce9072d64902d03f3d4774::subnet:0717-503c439b-2b40-43c6-bd16-b2d99b391248",
            "id": "0717-503c439b-2b40-43c6-bd16-b2d99b391248",
            "ip_version": "ipv4",
            "ipv4_cidr_block": "192.168.0.0/22",
            "name": "example-vpc-private-subnet-1",
            "network_acl": "r006-9da410df-c7d0-4d6e-b7e2-ea97fe4b611c",
            "public_gateway": "",
            "resource_controller_url": "https://cloud.ibm.com/vpc-ext/network/subnets",
            "resource_crn": "crn:v1:bluemix:public:is:us-south-1:a/e65910fa61ce9072d64902d03f3d4774::subnet:0717-503c439b-2b40-43c6-bd16-b2d99b391248",
            "resource_group": "1d6f7c2015944d3993b3fb2609ff57d0",
            "resource_group_name": "example-vpc-resource-group",
            "resource_name": "example-vpc-private-subnet-1",
            "resource_status": "available",
            "routing_table": "r006-9508c765-d122-4ee3-ad3b-2a3b0e26d6f3",
            "status": "available",
            "tags": [
              "private"
            ],
            "timeouts": null,
            "total_ipv4_address_count": 1024,
            "vpc": "r006-bd563757-274a-4ace-bdcd-12ce183fdcfc",
            "zone": "us-south-1"
          },
          "sensitive_attributes": [],
          "private": "eyJlMmJmYjczMC1lY2FhLTExZTYtOGY4OC0zNDM2M2JjN2M0YzAiOnsiY3JlYXRlIjo2MDAwMDAwMDAwMDAsImRlbGV0ZSI6NjAwMDAwMDAwMDAwLCJ1cGRhdGUiOjYwMDAwMDAwMDAwMH19",
          "dependencies": [
            "module.resource_group.data.ibm_resource_group.existing_resource_group",
            "module.resource_group.ibm_resource_group.resource_group",
            "module.vpc.ibm_is_network_acl.multizone_acl",
            "module.vpc.ibm_is_public_gateway.gateway",
            "module.vpc.ibm_is_vpc.vpc",
            "module.vpc.module.vpc_subnets.ibm_is_vpc_address_prefix.subnet_prefix",
            "module.vpc.null_resource.subnet_mappings"
          ]
        },
        {
          "index_key": 1,
          "schema_version": 0,
          "attributes": {
            "access_tags": [],
            "available_ipv4_address_count": 1019,
            "crn": "crn:v1:bluemix:public:is:us-south-2:a/e65910fa61ce9072d64902d03f3d4774::subnet:0727-39c2c181-a549-46bc-9b2d-7cb806c508c6",
            "id": "0727-39c2c181-a549-46bc-9b2d-7cb806c508c6",
            "ip_version": "ipv4",
            "ipv4_cidr_block": "192.168.4.0/22",
            "name": "example-vpc-private-subnet-2",
            "network_acl": "r006-9da410df-c7d0-4d6e-b7e2-ea97fe4b611c",
            "public_gateway": "",
            "resource_controller_url": "https://cloud.ibm.com/vpc-ext/network/subnets",
            "resource_crn": "crn:v1:bluemix:public:is:us-south-2:a/e65910fa61ce9072d64902d03f3d4774::subnet:0727-39c2c181-a549-46bc-9b2d-7cb806c508c6",
            "resource_group": "1d6f7c2015944d3993b3fb2609ff57d0",
            "resource_group_name": "example-vpc-resource-group",
            "resource_name": "example-vpc-private-subnet-2",
            "resource_status": "available",
            "routing_table": "r006-9508c765-d122-4ee3-ad3b-2a3b0e26d6f3",
            "status": "available",
            "tags": [
              "private"
            ],
            "timeouts": null,
            "total_ipv4_address_count": 1024,
            "vpc": "r006-bd563757-274a-4ace-bdcd-12ce183fdcfc",
            "zone": "us-south-2"
          },
          "sensitive_attributes": [],
          "private": "eyJlMmJmYjczMC1lY2FhLTExZTYtOGY4OC0zNDM2M2JjN2M0YzAiOnsiY3JlYXRlIjo2MDAwMDAwMDAwMDAsImRlbGV0ZSI6NjAwMDAwMDAwMDAwLCJ1cGRhdGUiOjYwMDAwMDAwMDAwMH19",
          "dependencies": [
            "module.resource_group.data.ibm_resource_group.existing_resource_group",
            "module.resource_group.ibm_resource_group.resource_group",
            "module.vpc.ibm_is_network_acl.multizone_acl",
            "module.vpc.ibm_is_public_gateway.gateway",
            "module.vpc.ibm_is_vpc.vpc",
            "module.vpc.module.vpc_subnets.ibm_is_vpc_address_prefix.subnet_prefix",
            "module.vpc.null_resource.subnet_mappings"
          ]
        },
        {
          "index_key": 2,
          "schema_version": 0,
          "attributes": {
            "access_tags": [],
            "available_ipv4_address_count": 1019,
            "crn": "crn:v1:bluemix:public:is:us-south-3:a/e65910fa61ce9072d64902d03f3d4774::subnet:0737-4406f70a-f6e1-4524-97c2-d1b4fdc35fe7",
            "id": "0737-4406f70a-f6e1-4524-97c2-d1b4fdc35fe7",
            "ip_version": "ipv4",
            "ipv4_cidr_block": "192.168.8.0/22",
            "name": "example-vpc-private-subnet-3",
            "network_acl": "r006-9da410df-c7d0-4d6e-b7e2-ea97fe4b611c",
            "public_gateway": "",
            "resource_controller_url": "https://cloud.ibm.com/vpc-ext/network/subnets",
            "resource_crn": "crn:v1:bluemix:public:is:us-south-3:a/e65910fa61ce9072d64902d03f3d4774::subnet:0737-4406f70a-f6e1-4524-97c2-d1b4fdc35fe7",
            "resource_group": "1d6f7c2015944d3993b3fb2609ff57d0",
            "resource_group_name": "example-vpc-resource-group",
            "resource_name": "example-vpc-private-subnet-3",
            "resource_status": "available",
            "routing_table": "r006-9508c765-d122-4ee3-ad3b-2a3b0e26d6f3",
            "status": "available",
            "tags": [
              "private"
            ],
            "timeouts": null,
            "total_ipv4_address_count": 1024,
            "vpc": "r006-bd563757-274a-4ace-bdcd-12ce183fdcfc",
            "zone": "us-south-3"
          },
          "sensitive_attributes": [],
          "private": "eyJlMmJmYjczMC1lY2FhLTExZTYtOGY4OC0zNDM2M2JjN2M0YzAiOnsiY3JlYXRlIjo2MDAwMDAwMDAwMDAsImRlbGV0ZSI6NjAwMDAwMDAwMDAwLCJ1cGRhdGUiOjYwMDAwMDAwMDAwMH19",
          "dependencies": [
            "module.resource_group.data.ibm_resource_group.existing_resource_group",
            "module.resource_group.ibm_resource_group.resource_group",
            "module.vpc.ibm_is_network_acl.multizone_acl",
            "module.vpc.ibm_is_public_gateway.gateway",
            "module.vpc.ibm_is_vpc.vpc",
            "module.vpc.module.vpc_subnets.ibm_is_vpc_address_prefix.subnet_prefix",
            "module.vpc.null_resource.subnet_mappings"
          ]
        }
      ]
    },
    {
      "module": "module.vpc.module.vpc_subnets[\"private\"]",
      "mode": "managed",
      "type": "ibm_is_vpc_address_prefix",
      "name": "subnet_prefix",
      "provider": "provider[\"registry.terraform.io/ibm-cloud/ibm\"]",
      "instances": [
        {
          "index_key": 0,
          "schema_version": 0,
          "attributes": {
            "address_prefix": "r006-f9fa6721-58c0-4563-a1b4-23e9cb735a4f",
            "cidr": "192.168.0.0/22",
            "has_subnets": true,
            "id": "r006-bd563757-274a-4ace-bdcd-12ce183fdcfc/r006-f9fa6721-58c0-4563-a1b4-23e9cb735a4f",
            "is_default": false,
            "name": "example-vpc-private-z-1",
            "related_crn": "crn:v1:bluemix:public:is:us-south:a/e65910fa61ce9072d64902d03f3d4774::vpc:r006-bd563757-274a-4ace-bdcd-12ce183fdcfc",
            "vpc": "r006-bd563757-274a-4ace-bdcd-12ce183fdcfc",
            "zone": "us-south-1"
          },
          "sensitive_attributes": [],
          "private": "bnVsbA==",
          "dependencies": [
            "module.resource_group.data.ibm_resource_group.existing_resource_group",
            "module.resource_group.ibm_resource_group.resource_group",
            "module.vpc.ibm_is_vpc.vpc",
            "module.vpc.null_resource.subnet_mappings"
          ]
        },
        {
          "index_key": 1,
          "schema_version": 0,
          "attributes": {
            "address_prefix": "r006-0d692634-9034-487b-9d68-58c99a34823f",
            "cidr": "192.168.4.0/22",
            "has_subnets": true,
            "id": "r006-bd563757-274a-4ace-bdcd-12ce183fdcfc/r006-0d692634-9034-487b-9d68-58c99a34823f",
            "is_default": false,
            "name": "example-vpc-private-z-2",
            "related_crn": "crn:v1:bluemix:public:is:us-south:a/e65910fa61ce9072d64902d03f3d4774::vpc:r006-bd563757-274a-4ace-bdcd-12ce183fdcfc",
            "vpc": "r006-bd563757-274a-4ace-bdcd-12ce183fdcfc",
            "zone": "us-south-2"
          },
          "sensitive_attributes": [],
          "private": "bnVsbA==",
          "dependencies": [
            "module.resource_group.data.ibm_resource_group.existing_resource_group",
            "module.resource_group.ibm_resource_group.resource_group",
            "module.vpc.ibm_is_vpc.vpc",
            "module.vpc.null_resource.subnet_mappings"
          ]
        },
        {
          "index_key": 2,
          "schema_version": 0,
          "attributes": {
            "address_prefix": "r006-2e95352c-4fd1-4670-94ba-2ffa82571f59",
            "cidr": "192.168.8.0/22",
            "has_subnets": true,
            "id": "r006-bd563757-274a-4ace-bdcd-12ce183fdcfc/r006-2e95352c-4fd1-4670-94ba-2ffa82571f59",
            "is_default": false,
            "name": "example-vpc-private-z-3",
            "related_crn": "crn:v1:bluemix:public:is:us-south:a/e65910fa61ce9072d64902d03f3d4774::vpc:r006-bd563757-274a-4ace-bdcd-12ce183fdcfc",
            "vpc": "r006-bd563757-274a-4ace-bdcd-12ce183fdcfc",
            "zone": "us-south-3"
          },
          "sensitive_attributes": [],
          "private": "bnVsbA==",
          "dependencies": [
            "module.resource_group.data.ibm_resource_group.existing_resource_group",
            "module.resource_group.ibm_resource_group.resource_group",
            "module.vpc.ibm_is_vpc.vpc",
            "module.vpc.null_resource.subnet_mappings"
          ]
        }
      ]
    },
    {
      "module": "module.vpc.module.vpc_subnets[\"transit\"]",
      "mode": "managed",
      "type": "ibm_is_subnet",
      "name": "subnet",
      "provider": "provider[\"registry.terraform.io/ibm-cloud/ibm\"]",
      "instances": [
        {
          "index_key": 0,
          "schema_version": 0,
          "attributes": {
            "access_tags": [],
            "available_ipv4_address_count": 1018,
            "crn": "crn:v1:bluemix:public:is:us-south-1:a/e65910fa61ce9072d64902d03f3d4774::subnet:0717-da529daa-d859-4cae-9a9c-af172e7ac2ee",
            "id": "0717-da529daa-d859-4cae-9a9c-af172e7ac2ee",
            "ip_version": "ipv4",
            "ipv4_cidr_block": "192.168.16.0/22",
            "name": "example-vpc-transit-subnet-1",
            "network_acl": "r006-3c7b8172-3063-42b8-be83-635e94e4eddd",
            "public_gateway": "",
            "resource_controller_url": "https://cloud.ibm.com/vpc-ext/network/subnets",
            "resource_crn": "crn:v1:bluemix:public:is:us-south-1:a/e65910fa61ce9072d64902d03f3d4774::subnet:0717-da529daa-d859-4cae-9a9c-af172e7ac2ee",
            "resource_group": "1d6f7c2015944d3993b3fb2609ff57d0",
            "resource_group_name": "example-vpc-resource-group",
            "resource_name": "example-vpc-transit-subnet-1",
            "resource_status": "available",
            "routing_table": "r006-9508c765-d122-4ee3-ad3b-2a3b0e26d6f3",
            "status": "available",
            "tags": [
              "transit"
            ],
            "timeouts": null,
            "total_ipv4_address_count": 1024,
            "vpc": "r006-bd563757-274a-4ace-bdcd-12ce183fdcfc",
            "zone": "us-south-1"
          },
          "sensitive_attributes": [],
          "private": "eyJlMmJmYjczMC1lY2FhLTExZTYtOGY4OC0zNDM2M2JjN2M0YzAiOnsiY3JlYXRlIjo2MDAwMDAwMDAwMDAsImRlbGV0ZSI6NjAwMDAwMDAwMDAwLCJ1cGRhdGUiOjYwMDAwMDAwMDAwMH19",
          "dependencies": [
            "module.resource_group.data.ibm_resource_group.existing_resource_group",
            "module.resource_group.ibm_resource_group.resource_group",
            "module.vpc.ibm_is_network_acl.multizone_acl",
            "module.vpc.ibm_is_public_gateway.gateway",
            "module.vpc.ibm_is_vpc.vpc",
            "module.vpc.module.vpc_subnets.ibm_is_vpc_address_prefix.subnet_prefix",
            "module.vpc.null_resource.subnet_mappings"
          ]
        },
        {
          "index_key": 1,
          "schema_version": 0,
          "attributes": {
            "access_tags": [],
            "available_ipv4_address_count": 1018,
            "crn": "crn:v1:bluemix:public:is:us-south-2:a/e65910fa61ce9072d64902d03f3d4774::subnet:0727-5eea8042-2c77-437c-a124-028e80bc66a4",
            "id": "0727-5eea8042-2c77-437c-a124-028e80bc66a4",
            "ip_version": "ipv4",
            "ipv4_cidr_block": "192.168.20.0/22",
            "name": "example-vpc-transit-subnet-2",
            "network_acl": "r006-3c7b8172-3063-42b8-be83-635e94e4eddd",
            "public_gateway": "",
            "resource_controller_url": "https://cloud.ibm.com/vpc-ext/network/subnets",
            "resource_crn": "crn:v1:bluemix:public:is:us-south-2:a/e65910fa61ce9072d64902d03f3d4774::subnet:0727-5eea8042-2c77-437c-a124-028e80bc66a4",
            "resource_group": "1d6f7c2015944d3993b3fb2609ff57d0",
            "resource_group_name": "example-vpc-resource-group",
            "resource_name": "example-vpc-transit-subnet-2",
            "resource_status": "available",
            "routing_table": "r006-9508c765-d122-4ee3-ad3b-2a3b0e26d6f3",
            "status": "available",
            "tags": [
              "transit"
            ],
            "timeouts": null,
            "total_ipv4_address_count": 1024,
            "vpc": "r006-bd563757-274a-4ace-bdcd-12ce183fdcfc",
            "zone": "us-south-2"
          },
          "sensitive_attributes": [],
          "private": "eyJlMmJmYjczMC1lY2FhLTExZTYtOGY4OC0zNDM2M2JjN2M0YzAiOnsiY3JlYXRlIjo2MDAwMDAwMDAwMDAsImRlbGV0ZSI6NjAwMDAwMDAwMDAwLCJ1cGRhdGUiOjYwMDAwMDAwMDAwMH19",
          "dependencies": [
            "module.resource_group.data.ibm_resource_group.existing_resource_group",
            "module.resource_group.ibm_resource_group.resource_group",
            "module.vpc.ibm_is_network_acl.multizone_acl",
            "module.vpc.ibm_is_public_gateway.gateway",
            "module.vpc.ibm_is_vpc.vpc",
            "module.vpc.module.vpc_subnets.ibm_is_vpc_address_prefix.subnet_prefix",
            "module.vpc.null_resource.subnet_mappings"
          ]
        },
        {
          "index_key": 2,
          "schema_version": 0,
          "attributes": {
            "access_tags": [],
            "available_ipv4_address_count": 1018,
            "crn": "crn:v1:bluemix:public:is:us-south-3:a/e65910fa61ce9072d64902d03f3d4774::subnet:0737-6d94fd10-bdc2-4158-aa8a-fe91f365de1b",
            "id": "0737-6d94fd10-bdc2-4158-aa8a-fe91f365de1b",
            "ip_version": "ipv4",
            "ipv4_cidr_block": "192.168.24.0/22",
            "name": "example-vpc-transit-subnet-3",
            "network_acl": "r006-3c7b8172-3063-42b8-be83-635e94e4eddd",
            "public_gateway": "",
            "resource_controller_url": "https://cloud.ibm.com/vpc-ext/network/subnets",
            "resource_crn": "crn:v1:bluemix:public:is:us-south-3:a/e65910fa61ce9072d64902d03f3d4774::subnet:0737-6d94fd10-bdc2-4158-aa8a-fe91f365de1b",
            "resource_group": "1d6f7c2015944d3993b3fb2609ff57d0",
            "resource_group_name": "example-vpc-resource-group",
            "resource_name": "example-vpc-transit-subnet-3",
            "resource_status": "available",
            "routing_table": "r006-9508c765-d122-4ee3-ad3b-2a3b0e26d6f3",
            "status": "available",
            "tags": [
              "transit"
            ],
            "timeouts": null,
            "total_ipv4_address_count": 1024,
            "vpc": "r006-bd563757-274a-4ace-bdcd-12ce183fdcfc",
            "zone": "us-south-3"
          },
          "sensitive_attributes": [],
          "private": "eyJlMmJmYjczMC1lY2FhLTExZTYtOGY4OC0zNDM2M2JjN2M0YzAiOnsiY3JlYXRlIjo2MDAwMDAwMDAwMDAsImRlbGV0ZSI6NjAwMDAwMDAwMDAwLCJ1cGRhdGUiOjYwMDAwMDAwMDAwMH19",
          "dependencies": [
            "module.resource_group.data.ibm_resource_group.existing_resource_group",
            "module.resource_group.ibm_resource_group.resource_group",
            "module.vpc.ibm_is_network_acl.multizone_acl",
            "module.vpc.ibm_is_public_gateway.gateway",
            "module.vpc.ibm_is_vpc.vpc",
            "module.vpc.module.vpc_subnets.ibm_is_vpc_address_prefix.subnet_prefix",
            "module.vpc.null_resource.subnet_mappings"
          ]
        }
      ]
    },
    {
      "module": "module.vpc.module.vpc_subnets[\"transit\"]",
      "mode": "managed",
      "type": "ibm_is_vpc_address_prefix",
      "name": "subnet_prefix",
      "provider": "provider[\"registry.terraform.io/ibm-cloud/ibm\"]",
      "instances": [
        {
          "index_key": 0,
          "schema_version": 0,
          "attributes": {
            "address_prefix": "r006-b912c1fd-3f44-42de-8d50-dea23e97bf1a",
            "cidr": "192.168.16.0/22",
            "has_subnets": true,
            "id": "r006-bd563757-274a-4ace-bdcd-12ce183fdcfc/r006-b912c1fd-3f44-42de-8d50-dea23e97bf1a",
            "is_default": false,
            "name": "example-vpc-transit-z-1",
            "related_crn": "crn:v1:bluemix:public:is:us-south:a/e65910fa61ce9072d64902d03f3d4774::vpc:r006-bd563757-274a-4ace-bdcd-12ce183fdcfc",
            "vpc": "r006-bd563757-274a-4ace-bdcd-12ce183fdcfc",
            "zone": "us-south-1"
          },
          "sensitive_attributes": [],
          "private": "bnVsbA==",
          "dependencies": [
            "module.resource_group.data.ibm_resource_group.existing_resource_group",
            "module.resource_group.ibm_resource_group.resource_group",
            "module.vpc.ibm_is_vpc.vpc",
            "module.vpc.null_resource.subnet_mappings"
          ]
        },
        {
          "index_key": 1,
          "schema_version": 0,
          "attributes": {
            "address_prefix": "r006-ae846762-5a06-4271-95e6-23b013ac455d",
            "cidr": "192.168.20.0/22",
            "has_subnets": true,
            "id": "r006-bd563757-274a-4ace-bdcd-12ce183fdcfc/r006-ae846762-5a06-4271-95e6-23b013ac455d",
            "is_default": false,
            "name": "example-vpc-transit-z-2",
            "related_crn": "crn:v1:bluemix:public:is:us-south:a/e65910fa61ce9072d64902d03f3d4774::vpc:r006-bd563757-274a-4ace-bdcd-12ce183fdcfc",
            "vpc": "r006-bd563757-274a-4ace-bdcd-12ce183fdcfc",
            "zone": "us-south-2"
          },
          "sensitive_attributes": [],
          "private": "bnVsbA==",
          "dependencies": [
            "module.resource_group.data.ibm_resource_group.existing_resource_group",
            "module.resource_group.ibm_resource_group.resource_group",
            "module.vpc.ibm_is_vpc.vpc",
            "module.vpc.null_resource.subnet_mappings"
          ]
        },
        {
          "index_key": 2,
          "schema_version": 0,
          "attributes": {
            "address_prefix": "r006-0877eb23-a322-4d17-96ff-c0b2d2e6471d",
            "cidr": "192.168.24.0/22",
            "has_subnets": true,
            "id": "r006-bd563757-274a-4ace-bdcd-12ce183fdcfc/r006-0877eb23-a322-4d17-96ff-c0b2d2e6471d",
            "is_default": false,
            "name": "example-vpc-transit-z-3",
            "related_crn": "crn:v1:bluemix:public:is:us-south:a/e65910fa61ce9072d64902d03f3d4774::vpc:r006-bd563757-274a-4ace-bdcd-12ce183fdcfc",
            "vpc": "r006-bd563757-274a-4ace-bdcd-12ce183fdcfc",
            "zone": "us-south-3"
          },
          "sensitive_attributes": [],
          "private": "bnVsbA==",
          "dependencies": [
            "module.resource_group.data.ibm_resource_group.existing_resource_group",
            "module.resource_group.ibm_resource_group.resource_group",
            "module.vpc.ibm_is_vpc.vpc",
            "module.vpc.null_resource.subnet_mappings"
          ]
        }
      ]
    }
  ],
  "check_results": null
}
